// !$*UTF8*$!
{
	archiveVersion = 1;
	classes = {
	};
	objectVersion = 46;
	objects = {

/* Begin PBXBuildFile section */
		CD5DB7B31BDF47360045A7FA /* AppDelegate.swift in Sources */ = {isa = PBXBuildFile; fileRef = CD5DB7B21BDF47360045A7FA /* AppDelegate.swift */; };
		CD5DB7B51BDF47360045A7FA /* ViewController.swift in Sources */ = {isa = PBXBuildFile; fileRef = CD5DB7B41BDF47360045A7FA /* ViewController.swift */; };
		CD5DB7B81BDF47360045A7FA /* Main.storyboard in Resources */ = {isa = PBXBuildFile; fileRef = CD5DB7B61BDF47360045A7FA /* Main.storyboard */; };
		CD5DB7BA1BDF47360045A7FA /* Assets.xcassets in Resources */ = {isa = PBXBuildFile; fileRef = CD5DB7B91BDF47360045A7FA /* Assets.xcassets */; };
		CD5DB7BD1BDF47360045A7FA /* LaunchScreen.storyboard in Resources */ = {isa = PBXBuildFile; fileRef = CD5DB7BB1BDF47360045A7FA /* LaunchScreen.storyboard */; };
		CD7E95B61BDF4C5600831B22 /* Minecraft.ttf in Resources */ = {isa = PBXBuildFile; fileRef = CD7E95B51BDF4C5600831B22 /* Minecraft.ttf */; };
		CD7E95B81BDF4D1B00831B22 /* Character.swift in Sources */ = {isa = PBXBuildFile; fileRef = CD7E95B71BDF4D1B00831B22 /* Character.swift */; };
		CD869E9B1BE044E70054B13B /* bgmusic.mp3 in Resources */ = {isa = PBXBuildFile; fileRef = CD869E9A1BE044E70054B13B /* bgmusic.mp3 */; };
		CDAE6F6F1BDF4FED00BED940 /* Player.swift in Sources */ = {isa = PBXBuildFile; fileRef = CDAE6F6E1BDF4FED00BED940 /* Player.swift */; };
		CDBD7F291BE070BD0091965D /* playerOneHit.wav in Resources */ = {isa = PBXBuildFile; fileRef = CDBD7F281BE070BD0091965D /* playerOneHit.wav */; };
		CDBD7F2B1BE070D10091965D /* playerTwoHit.wav in Resources */ = {isa = PBXBuildFile; fileRef = CDBD7F2A1BE070D10091965D /* playerTwoHit.wav */; };
		CDBD7F2E1BE075230091965D /* winner.wav in Resources */ = {isa = PBXBuildFile; fileRef = CDBD7F2D1BE075230091965D /* winner.wav */; };
/* End PBXBuildFile section */

/* Begin PBXFileReference section */
		CD5DB7AF1BDF47360045A7FA /* BattleCharge.app */ = {isa = PBXFileReference; explicitFileType = wrapper.application; includeInIndex = 0; path = BattleCharge.app; sourceTree = BUILT_PRODUCTS_DIR; };
		CD5DB7B21BDF47360045A7FA /* AppDelegate.swift */ = {isa = PBXFileReference; lastKnownFileType = sourcecode.swift; path = AppDelegate.swift; sourceTree = "<group>"; };
		CD5DB7B41BDF47360045A7FA /* ViewController.swift */ = {isa = PBXFileReference; lastKnownFileType = sourcecode.swift; path = ViewController.swift; sourceTree = "<group>"; };
		CD5DB7B71BDF47360045A7FA /* Base */ = {isa = PBXFileReference; lastKnownFileType = file.storyboard; name = Base; path = Base.lproj/Main.storyboard; sourceTree = "<group>"; };
		CD5DB7B91BDF47360045A7FA /* Assets.xcassets */ = {isa = PBXFileReference; lastKnownFileType = folder.assetcatalog; path = Assets.xcassets; sourceTree = "<group>"; };
		CD5DB7BC1BDF47360045A7FA /* Base */ = {isa = PBXFileReference; lastKnownFileType = file.storyboard; name = Base; path = Base.lproj/LaunchScreen.storyboard; sourceTree = "<group>"; };
		CD5DB7BE1BDF47360045A7FA /* Info.plist */ = {isa = PBXFileReference; lastKnownFileType = text.plist.xml; path = Info.plist; sourceTree = "<group>"; };
		CD7E95B51BDF4C5600831B22 /* Minecraft.ttf */ = {isa = PBXFileReference; lastKnownFileType = file; path = Minecraft.ttf; sourceTree = "<group>"; };
		CD7E95B71BDF4D1B00831B22 /* Character.swift */ = {isa = PBXFileReference; fileEncoding = 4; lastKnownFileType = sourcecode.swift; path = Character.swift; sourceTree = "<group>"; };
		CD869E9A1BE044E70054B13B /* bgmusic.mp3 */ = {isa = PBXFileReference; lastKnownFileType = audio.mp3; path = bgmusic.mp3; sourceTree = "<group>"; };
		CDAE6F6E1BDF4FED00BED940 /* Player.swift */ = {isa = PBXFileReference; fileEncoding = 4; lastKnownFileType = sourcecode.swift; path = Player.swift; sourceTree = "<group>"; };
		CDBD7F281BE070BD0091965D /* playerOneHit.wav */ = {isa = PBXFileReference; lastKnownFileType = audio.wav; path = playerOneHit.wav; sourceTree = "<group>"; };
		CDBD7F2A1BE070D10091965D /* playerTwoHit.wav */ = {isa = PBXFileReference; lastKnownFileType = audio.wav; path = playerTwoHit.wav; sourceTree = "<group>"; };
		CDBD7F2D1BE075230091965D /* winner.wav */ = {isa = PBXFileReference; lastKnownFileType = audio.wav; path = winner.wav; sourceTree = "<group>"; };
/* End PBXFileReference section */

/* Begin PBXFrameworksBuildPhase section */
		CD5DB7AC1BDF47360045A7FA /* Frameworks */ = {
			isa = PBXFrameworksBuildPhase;
			buildActionMask = 2147483647;
			files = (
			);
			runOnlyForDeploymentPostprocessing = 0;
		};
/* End PBXFrameworksBuildPhase section */

/* Begin PBXGroup section */
		CD5DB7A61BDF47360045A7FA = {
			isa = PBXGroup;
			children = (
				CD5DB7B11BDF47360045A7FA /* BattleCharge */,
				CD5DB7B01BDF47360045A7FA /* Products */,
			);
			sourceTree = "<group>";
		};
		CD5DB7B01BDF47360045A7FA /* Products */ = {
			isa = PBXGroup;
			children = (
				CD5DB7AF1BDF47360045A7FA /* BattleCharge.app */,
			);
			name = Products;
			sourceTree = "<group>";
		};
		CD5DB7B11BDF47360045A7FA /* BattleCharge */ = {
			isa = PBXGroup;
			children = (
				CD869E9A1BE044E70054B13B /* bgmusic.mp3 */,
				CDBD7F2A1BE070D10091965D /* playerTwoHit.wav */,
				CDBD7F281BE070BD0091965D /* playerOneHit.wav */,
				CDBD7F2D1BE075230091965D /* winner.wav */,
				CD7E95B51BDF4C5600831B22 /* Minecraft.ttf */,
				CD5DB7B21BDF47360045A7FA /* AppDelegate.swift */,
				CD5DB7B41BDF47360045A7FA /* ViewController.swift */,
				CD5DB7B61BDF47360045A7FA /* Main.storyboard */,
				CD5DB7B91BDF47360045A7FA /* Assets.xcassets */,
				CD5DB7BB1BDF47360045A7FA /* LaunchScreen.storyboard */,
				CD5DB7BE1BDF47360045A7FA /* Info.plist */,
				CD7E95B71BDF4D1B00831B22 /* Character.swift */,
				CDAE6F6E1BDF4FED00BED940 /* Player.swift */,
			);
			path = BattleCharge;
			sourceTree = "<group>";
		};
/* End PBXGroup section */

/* Begin PBXNativeTarget section */
		CD5DB7AE1BDF47360045A7FA /* BattleCharge */ = {
			isa = PBXNativeTarget;
			buildConfigurationList = CD5DB7C11BDF47360045A7FA /* Build configuration list for PBXNativeTarget "BattleCharge" */;
			buildPhases = (
				CD5DB7AB1BDF47360045A7FA /* Sources */,
				CD5DB7AC1BDF47360045A7FA /* Frameworks */,
				CD5DB7AD1BDF47360045A7FA /* Resources */,
			);
			buildRules = (
			);
			dependencies = (
			);
			name = BattleCharge;
			productName = BattleCharge;
			productReference = CD5DB7AF1BDF47360045A7FA /* BattleCharge.app */;
			productType = "com.apple.product-type.application";
		};
/* End PBXNativeTarget section */

/* Begin PBXProject section */
		CD5DB7A71BDF47360045A7FA /* Project object */ = {
			isa = PBXProject;
			attributes = {
				LastSwiftUpdateCheck = 0710;
				LastUpgradeCheck = 0710;
				ORGANIZATIONNAME = "Patrick Robertson";
				TargetAttributes = {
					CD5DB7AE1BDF47360045A7FA = {
						CreatedOnToolsVersion = 7.1;
						DevelopmentTeam = Y445TKE5TF;
					};
				};
			};
			buildConfigurationList = CD5DB7AA1BDF47360045A7FA /* Build configuration list for PBXProject "BattleCharge" */;
			compatibilityVersion = "Xcode 3.2";
			developmentRegion = English;
			hasScannedForEncodings = 0;
			knownRegions = (
				en,
				Base,
			);
			mainGroup = CD5DB7A61BDF47360045A7FA;
			productRefGroup = CD5DB7B01BDF47360045A7FA /* Products */;
			projectDirPath = "";
			projectRoot = "";
			targets = (
				CD5DB7AE1BDF47360045A7FA /* BattleCharge */,
			);
		};
/* End PBXProject section */

/* Begin PBXResourcesBuildPhase section */
		CD5DB7AD1BDF47360045A7FA /* Resources */ = {
			isa = PBXResourcesBuildPhase;
			buildActionMask = 2147483647;
			files = (
				CDBD7F291BE070BD0091965D /* playerOneHit.wav in Resources */,
				CDBD7F2E1BE075230091965D /* winner.wav in Resources */,
				CD869E9B1BE044E70054B13B /* bgmusic.mp3 in Resources */,
				CDBD7F2B1BE070D10091965D /* playerTwoHit.wav in Resources */,
				CD5DB7BD1BDF47360045A7FA /* LaunchScreen.storyboard in Resources */,
				CD5DB7BA1BDF47360045A7FA /* Assets.xcassets in Resources */,
				CD7E95B61BDF4C5600831B22 /* Minecraft.ttf in Resources */,
				CD5DB7B81BDF47360045A7FA /* Main.storyboard in Resources */,
			);
			runOnlyForDeploymentPostprocessing = 0;
		};
/* End PBXResourcesBuildPhase section */

/* Begin PBXSourcesBuildPhase section */
		CD5DB7AB1BDF47360045A7FA /* Sources */ = {
			isa = PBXSourcesBuildPhase;
			buildActionMask = 2147483647;
			files = (
				CDAE6F6F1BDF4FED00BED940 /* Player.swift in Sources */,
				CD7E95B81BDF4D1B00831B22 /* Character.swift in Sources */,
				CD5DB7B51BDF47360045A7FA /* ViewController.swift in Sources */,
				CD5DB7B31BDF47360045A7FA /* AppDelegate.swift in Sources */,
			);
			runOnlyForDeploymentPostprocessing = 0;
		};
/* End PBXSourcesBuildPhase section */

/* Begin PBXVariantGroup section */
		CD5DB7B61BDF47360045A7FA /* Main.storyboard */ = {
			isa = PBXVariantGroup;
			children = (
				CD5DB7B71BDF47360045A7FA /* Base */,
			);
			name = Main.storyboard;
			sourceTree = "<group>";
		};
		CD5DB7BB1BDF47360045A7FA /* LaunchScreen.storyboard */ = {
			isa = PBXVariantGroup;
			children = (
				CD5DB7BC1BDF47360045A7FA /* Base */,
			);
			name = LaunchScreen.storyboard;
			sourceTree = "<group>";
		};
/* End PBXVariantGroup section */

/* Begin XCBuildConfiguration section */
		CD5DB7BF1BDF47360045A7FA /* Debug */ = {
			isa = XCBuildConfiguration;
			buildSettings = {
				ALWAYS_SEARCH_USER_PATHS = NO;
				CLANG_CXX_LANGUAGE_STANDARD = "gnu++0x";
				CLANG_CXX_LIBRARY = "libc++";
				CLANG_ENABLE_MODULES = YES;
				CLANG_ENABLE_OBJC_ARC = YES;
				CLANG_WARN_BOOL_CONVERSION = YES;
				CLANG_WARN_CONSTANT_CONVERSION = YES;
				CLANG_WARN_DIRECT_OBJC_ISA_USAGE = YES_ERROR;
				CLANG_WARN_EMPTY_BODY = YES;
				CLANG_WARN_ENUM_CONVERSION = YES;
				CLANG_WARN_INT_CONVERSION = YES;
				CLANG_WARN_OBJC_ROOT_CLASS = YES_ERROR;
				CLANG_WARN_UNREACHABLE_CODE = YES;
				CLANG_WARN__DUPLICATE_METHOD_MATCH = YES;
				"CODE_SIGN_IDENTITY[sdk=iphoneos*]" = "iPhone Developer";
				COPY_PHASE_STRIP = NO;
				DEBUG_INFORMATION_FORMAT = dwarf;
				ENABLE_STRICT_OBJC_MSGSEND = YES;
				ENABLE_TESTABILITY = YES;
				GCC_C_LANGUAGE_STANDARD = gnu99;
				GCC_DYNAMIC_NO_PIC = NO;
				GCC_NO_COMMON_BLOCKS = YES;
				GCC_OPTIMIZATION_LEVEL = 0;
				GCC_PREPROCESSOR_DEFINITIONS = (
					"DEBUG=1",
					"$(inherited)",
				);
				GCC_WARN_64_TO_32_BIT_CONVERSION = YES;
				GCC_WARN_ABOUT_RETURN_TYPE = YES_ERROR;
				GCC_WARN_UNDECLARED_SELECTOR = YES;
				GCC_WARN_UNINITIALIZED_AUTOS = YES_AGGRESSIVE;
				GCC_WARN_UNUSED_FUNCTION = YES;
				GCC_WARN_UNUSED_VARIABLE = YES;
				IPHONEOS_DEPLOYMENT_TARGET = 9.1;
				MTL_ENABLE_DEBUG_INFO = YES;
				ONLY_ACTIVE_ARCH = YES;
				SDKROOT = iphoneos;
				SWIFT_OPTIMIZATION_LEVEL = "-Onone";
				TARGETED_DEVICE_FAMILY = "1,2";
			};
			name = Debug;
		};
		CD5DB7C01BDF47360045A7FA /* Release */ = {
			isa = XCBuildConfiguration;
			buildSettings = {
				ALWAYS_SEARCH_USER_PATHS = NO;
				CLANG_CXX_LANGUAGE_STANDARD = "gnu++0x";
				CLANG_CXX_LIBRARY = "libc++";
				CLANG_ENABLE_MODULES = YES;
				CLANG_ENABLE_OBJC_ARC = YES;
				CLANG_WARN_BOOL_CONVERSION = YES;
				CLANG_WARN_CONSTANT_CONVERSION = YES;
				CLANG_WARN_DIRECT_OBJC_ISA_USAGE = YES_ERROR;
				CLANG_WARN_EMPTY_BODY = YES;
				CLANG_WARN_ENUM_CONVERSION = YES;
				CLANG_WARN_INT_CONVERSION = YES;
				CLANG_WARN_OBJC_ROOT_CLASS = YES_ERROR;
				CLANG_WARN_UNREACHABLE_CODE = YES;
				CLANG_WARN__DUPLICATE_METHOD_MATCH = YES;
				"CODE_SIGN_IDENTITY[sdk=iphoneos*]" = "iPhone Developer";
				COPY_PHASE_STRIP = NO;
				DEBUG_INFORMATION_FORMAT = "dwarf-with-dsym";
				ENABLE_NS_ASSERTIONS = NO;
				ENABLE_STRICT_OBJC_MSGSEND = YES;
				GCC_C_LANGUAGE_STANDARD = gnu99;
				GCC_NO_COMMON_BLOCKS = YES;
				GCC_WARN_64_TO_32_BIT_CONVERSION = YES;
				GCC_WARN_ABOUT_RETURN_TYPE = YES_ERROR;
				GCC_WARN_UNDECLARED_SELECTOR = YES;
				GCC_WARN_UNINITIALIZED_AUTOS = YES_AGGRESSIVE;
				GCC_WARN_UNUSED_FUNCTION = YES;
				GCC_WARN_UNUSED_VARIABLE = YES;
				IPHONEOS_DEPLOYMENT_TARGET = 9.1;
				MTL_ENABLE_DEBUG_INFO = NO;
				SDKROOT = iphoneos;
				TARGETED_DEVICE_FAMILY = "1,2";
				VALIDATE_PRODUCT = YES;
			};
			name = Release;
		};
		CD5DB7C21BDF47360045A7FA /* Debug */ = {
			isa = XCBuildConfiguration;
			buildSettings = {
				ASSETCATALOG_COMPILER_APPICON_NAME = AppIcon;
				CODE_SIGN_IDENTITY = "iPhone Developer";
				"CODE_SIGN_IDENTITY[sdk=iphoneos*]" = "iPhone Developer";
				INFOPLIST_FILE = BattleCharge/Info.plist;
				LD_RUNPATH_SEARCH_PATHS = "$(inherited) @executable_path/Frameworks";
				PRODUCT_BUNDLE_IDENTIFIER = com.probertson.BattleCharge;
				PRODUCT_NAME = "$(TARGET_NAME)";
				PROVISIONING_PROFILE = "";
			};
			name = Debug;
		};
		CD5DB7C31BDF47360045A7FA /* Release */ = {
			isa = XCBuildConfiguration;
			buildSettings = {
				ASSETCATALOG_COMPILER_APPICON_NAME = AppIcon;
				CODE_SIGN_IDENTITY = "iPhone Developer";
				"CODE_SIGN_IDENTITY[sdk=iphoneos*]" = "iPhone Developer";
				INFOPLIST_FILE = BattleCharge/Info.plist;
				LD_RUNPATH_SEARCH_PATHS = "$(inherited) @executable_path/Frameworks";
				PRODUCT_BUNDLE_IDENTIFIER = com.probertson.BattleCharge;
				PRODUCT_NAME = "$(TARGET_NAME)";
				PROVISIONING_PROFILE = "";
			};
			name = Release;
		};
/* End XCBuildConfiguration section */

/* Begin XCConfigurationList section */
		CD5DB7AA1BDF47360045A7FA /* Build configuration list for PBXProject "BattleCharge" */ = {
			isa = XCConfigurationList;
			buildConfigurations = (
				CD5DB7BF1BDF47360045A7FA /* Debug */,
				CD5DB7C01BDF47360045A7FA /* Release */,
			);
			defaultConfigurationIsVisible = 0;
			defaultConfigurationName = Release;
		};
		CD5DB7C11BDF47360045A7FA /* Build configuration list for PBXNativeTarget "BattleCharge" */ = {
			isa = XCConfigurationList;
			buildConfigurations = (
				CD5DB7C21BDF47360045A7FA /* Debug */,
				CD5DB7C31BDF47360045A7FA /* Release */,
			);
			defaultConfigurationIsVisible = 0;
			defaultConfigurationName = Release;
		};
/* End XCConfigurationList section */
	};
	rootObject = CD5DB7A71BDF47360045A7FA /* Project object */;
}
